{
  "version": 4,
  "terraform_version": "1.0.10",
  "serial": 35,
  "lineage": "e90639f1-daf6-bc5a-c95d-128c279f7d12",
  "outputs": {},
  "resources": [
    {
      "mode": "managed",
      "type": "proxmox_vm_qemu",
      "name": "kube-master",
      "provider": "provider[\"registry.terraform.io/telmate/proxmox\"]",
      "instances": [
        {
          "index_key": "k8s-master01",
          "schema_version": 0,
          "attributes": {
            "additional_wait": 0,
            "agent": 1,
            "args": "",
            "automatic_reboot": true,
            "balloon": 0,
            "bios": "seabios",
            "boot": "c",
            "bootdisk": "scsi0",
            "bridge": "",
            "ci_wait": null,
            "cicustom": "",
            "cipassword": "Otto1234#",
            "ciuser": "k8s",
            "clone": "linux-ubuntu-server-20.04",
            "clone_wait": 0,
            "cloudinit_cdrom_storage": null,
            "cores": 3,
            "cpu": "host",
            "default_ipv4_address": "192.168.178.11",
            "define_connection_info": true,
            "desc": "Packer ephemeral build VM",
            "disk": [
              {
                "aio": "",
                "backup": 0,
                "cache": "none",
                "discard": "on",
                "file": "vm-4010-disk-0",
                "format": "raw",
                "iothread": 0,
                "mbps": 0,
                "mbps_rd": 0,
                "mbps_rd_max": 0,
                "mbps_wr": 0,
                "mbps_wr_max": 0,
                "media": "",
                "replicate": 0,
                "size": "50G",
                "slot": 0,
                "ssd": 1,
                "storage": "local-lvm",
                "storage_type": "lvmthin",
                "type": "scsi",
                "volume": "local-lvm:vm-4010-disk-0"
              }
            ],
            "disk_gb": 0,
            "force_create": false,
            "force_recreate_on_change_of": null,
            "full_clone": true,
            "guest_agent_ready_timeout": 100,
            "hagroup": "",
            "hastate": "",
            "hotplug": "network,disk,usb",
            "id": "pve-01/qemu/4010",
            "ipconfig0": "ip=192.168.178.11/24,gw=192.168.178.1",
            "ipconfig1": "",
            "ipconfig2": "",
            "ipconfig3": "",
            "ipconfig4": "",
            "ipconfig5": "",
            "iso": null,
            "kvm": true,
            "mac": "",
            "memory": 4096,
            "name": "k8s-master01",
            "nameserver": "192.168.178.1",
            "network": [
              {
                "bridge": "vmbr0",
                "firewall": false,
                "link_down": false,
                "macaddr": "02:91:E3:3C:DE:E3",
                "model": "virtio",
                "queues": 0,
                "rate": 0,
                "tag": -1
              }
            ],
            "nic": "",
            "numa": false,
            "onboot": false,
            "oncreate": true,
            "os_network_config": null,
            "os_type": "cloud-init",
            "pool": "",
            "preprovision": true,
            "qemu_os": "other",
            "reboot_required": false,
            "scsihw": "virtio-scsi-pci",
            "searchdomain": "intern.breidenbach.koeln",
            "serial": [
              {
                "id": 0,
                "type": "socket"
              }
            ],
            "sockets": 1,
            "ssh_forward_ip": null,
            "ssh_host": "192.168.178.11",
            "ssh_port": "22",
            "ssh_private_key": null,
            "ssh_user": null,
            "sshkeys": "ssh-rsa AAAAB3NzaC1yc2EAAAADAQABAAACAQC9+arcPfh84X3CQ/Q6R5je2EqJbk+HTEjneHY6VR73Y6VqMvIeCMvGv0Srel9EFSta2VhcSPR755AxFatakcAANQkUJNLZKzBcnS9BGSeS2e7CdWdMC68jab9mYo9fuOrv+gLnXw9WatnlRpBBWwkWHUhpE0HnsX1sJw6nG4kat3rxoJtDiWjTDKaLKjvfneMWKPTkdFSEIWU/Ig7WLGyZqN4KFONw4W5q0Emms8mW44yQSii38DuJouI0BEtuQhYrWWaWSz4sTGDRjIUNMpZBhRSlMI1UCF0+qeH5XUMaElMtmwdj3Mkfhi+/o9DeMeryIQj8T+QjLMZK8OgRuiGFU/hT5rrMG/AaTm5izf9M2pt/nNLd2r3nxc/o2OeBBuOsuhOYyHnNEULaLCcoRH9DzzCv/RI/dt1lf78E5G3iksnvWxpobQ0mJhlJa4niSPyf31jwV6pr5W9s/nDW/IpzVIsPiK8YGTADVR9mvCds6b5yx5d5MCPemhUBXuxQSmwhag8OsEyftV2OTHiCwSaczWnQwp6Zekb3CPDdgjgIxACZhoZfGAbk7sXTfkudeKzz0zjwtmu8yqRGdToGfOhMcbcuIw9hx2e3MH54HLmRRy1VP3iV74s3cIayFsb+9iNZ+zF8mEk2oyxaHL8qcC5xEInPJafQzx4xYIkOADCdgw== nao@Nao-MBP.local\n",
            "storage": "",
            "storage_type": "",
            "tablet": true,
            "tags": "",
            "target_node": "pve-01",
            "timeouts": null,
            "unused_disk": [],
            "vcpus": 0,
            "vga": [],
            "vlan": -1,
            "vmid": 4010
          },
          "sensitive_attributes": [],
          "private": "eyJlMmJmYjczMC1lY2FhLTExZTYtOGY4OC0zNDM2M2JjN2M0YzAiOnsiY3JlYXRlIjozMDAwMDAwMDAwMDAsImRlZmF1bHQiOjMwMDAwMDAwMDAwMCwiZGVsZXRlIjoxODAwMDAwMDAwMDAsInJlYWQiOjE4MDAwMDAwMDAwMCwidXBkYXRlIjoxODAwMDAwMDAwMDB9fQ=="
        },
        {
          "index_key": "k8s-master02",
          "schema_version": 0,
          "attributes": {
            "additional_wait": 0,
            "agent": 1,
            "args": "",
            "automatic_reboot": true,
            "balloon": 0,
            "bios": "seabios",
            "boot": "c",
            "bootdisk": "scsi0",
            "bridge": "",
            "ci_wait": null,
            "cicustom": "",
            "cipassword": "Otto1234#",
            "ciuser": "k8s",
            "clone": "linux-ubuntu-server-20.04",
            "clone_wait": 0,
            "cloudinit_cdrom_storage": null,
            "cores": 3,
            "cpu": "host",
            "default_ipv4_address": "192.168.178.12",
            "define_connection_info": true,
            "desc": "Packer ephemeral build VM",
            "disk": [
              {
                "aio": "",
                "backup": 0,
                "cache": "none",
                "discard": "on",
                "file": "vm-4011-disk-0",
                "format": "raw",
                "iothread": 0,
                "mbps": 0,
                "mbps_rd": 0,
                "mbps_rd_max": 0,
                "mbps_wr": 0,
                "mbps_wr_max": 0,
                "media": "",
                "replicate": 0,
                "size": "50G",
                "slot": 0,
                "ssd": 1,
                "storage": "local-lvm",
                "storage_type": "lvmthin",
                "type": "scsi",
                "volume": "local-lvm:vm-4011-disk-0"
              }
            ],
            "disk_gb": 0,
            "force_create": false,
            "force_recreate_on_change_of": null,
            "full_clone": true,
            "guest_agent_ready_timeout": 100,
            "hagroup": "",
            "hastate": "",
            "hotplug": "network,disk,usb",
            "id": "pve-02/qemu/4011",
            "ipconfig0": "ip=192.168.178.12/24,gw=192.168.178.1",
            "ipconfig1": "",
            "ipconfig2": "",
            "ipconfig3": "",
            "ipconfig4": "",
            "ipconfig5": "",
            "iso": null,
            "kvm": true,
            "mac": "",
            "memory": 4096,
            "name": "k8s-master02",
            "nameserver": "192.168.178.1",
            "network": [
              {
                "bridge": "vmbr0",
                "firewall": false,
                "link_down": false,
                "macaddr": "AE:73:A8:58:C1:8D",
                "model": "virtio",
                "queues": 0,
                "rate": 0,
                "tag": -1
              }
            ],
            "nic": "",
            "numa": false,
            "onboot": false,
            "oncreate": true,
            "os_network_config": null,
            "os_type": "cloud-init",
            "pool": "",
            "preprovision": true,
            "qemu_os": "other",
            "reboot_required": false,
            "scsihw": "virtio-scsi-pci",
            "searchdomain": "intern.breidenbach.koeln",
            "serial": [
              {
                "id": 0,
                "type": "socket"
              }
            ],
            "sockets": 1,
            "ssh_forward_ip": null,
            "ssh_host": "192.168.178.12",
            "ssh_port": "22",
            "ssh_private_key": null,
            "ssh_user": null,
            "sshkeys": "ssh-rsa AAAAB3NzaC1yc2EAAAADAQABAAACAQC9+arcPfh84X3CQ/Q6R5je2EqJbk+HTEjneHY6VR73Y6VqMvIeCMvGv0Srel9EFSta2VhcSPR755AxFatakcAANQkUJNLZKzBcnS9BGSeS2e7CdWdMC68jab9mYo9fuOrv+gLnXw9WatnlRpBBWwkWHUhpE0HnsX1sJw6nG4kat3rxoJtDiWjTDKaLKjvfneMWKPTkdFSEIWU/Ig7WLGyZqN4KFONw4W5q0Emms8mW44yQSii38DuJouI0BEtuQhYrWWaWSz4sTGDRjIUNMpZBhRSlMI1UCF0+qeH5XUMaElMtmwdj3Mkfhi+/o9DeMeryIQj8T+QjLMZK8OgRuiGFU/hT5rrMG/AaTm5izf9M2pt/nNLd2r3nxc/o2OeBBuOsuhOYyHnNEULaLCcoRH9DzzCv/RI/dt1lf78E5G3iksnvWxpobQ0mJhlJa4niSPyf31jwV6pr5W9s/nDW/IpzVIsPiK8YGTADVR9mvCds6b5yx5d5MCPemhUBXuxQSmwhag8OsEyftV2OTHiCwSaczWnQwp6Zekb3CPDdgjgIxACZhoZfGAbk7sXTfkudeKzz0zjwtmu8yqRGdToGfOhMcbcuIw9hx2e3MH54HLmRRy1VP3iV74s3cIayFsb+9iNZ+zF8mEk2oyxaHL8qcC5xEInPJafQzx4xYIkOADCdgw== nao@Nao-MBP.local\n",
            "storage": "",
            "storage_type": "",
            "tablet": true,
            "tags": "",
            "target_node": "pve-02",
            "timeouts": null,
            "unused_disk": [],
            "vcpus": 0,
            "vga": [],
            "vlan": -1,
            "vmid": 4011
          },
          "sensitive_attributes": [],
          "private": "eyJlMmJmYjczMC1lY2FhLTExZTYtOGY4OC0zNDM2M2JjN2M0YzAiOnsiY3JlYXRlIjozMDAwMDAwMDAwMDAsImRlZmF1bHQiOjMwMDAwMDAwMDAwMCwiZGVsZXRlIjoxODAwMDAwMDAwMDAsInJlYWQiOjE4MDAwMDAwMDAwMCwidXBkYXRlIjoxODAwMDAwMDAwMDB9fQ=="
        },
        {
          "index_key": "k8s-master03",
          "schema_version": 0,
          "attributes": {
            "additional_wait": 0,
            "agent": 1,
            "args": "",
            "automatic_reboot": true,
            "balloon": 0,
            "bios": "seabios",
            "boot": "c",
            "bootdisk": "scsi0",
            "bridge": "",
            "ci_wait": null,
            "cicustom": "",
            "cipassword": "Otto1234#",
            "ciuser": "k8s",
            "clone": "linux-ubuntu-server-20.04",
            "clone_wait": 0,
            "cloudinit_cdrom_storage": null,
            "cores": 3,
            "cpu": "host",
            "default_ipv4_address": "192.168.178.13",
            "define_connection_info": true,
            "desc": "Packer ephemeral build VM",
            "disk": [
              {
                "aio": "",
                "backup": 0,
                "cache": "none",
                "discard": "on",
                "file": "vm-4012-disk-0",
                "format": "raw",
                "iothread": 0,
                "mbps": 0,
                "mbps_rd": 0,
                "mbps_rd_max": 0,
                "mbps_wr": 0,
                "mbps_wr_max": 0,
                "media": "",
                "replicate": 0,
                "size": "50G",
                "slot": 0,
                "ssd": 1,
                "storage": "local-lvm",
                "storage_type": "lvmthin",
                "type": "scsi",
                "volume": "local-lvm:vm-4012-disk-0"
              }
            ],
            "disk_gb": 0,
            "force_create": false,
            "force_recreate_on_change_of": null,
            "full_clone": true,
            "guest_agent_ready_timeout": 100,
            "hagroup": "",
            "hastate": "",
            "hotplug": "network,disk,usb",
            "id": "pve-02/qemu/4012",
            "ipconfig0": "ip=192.168.178.13/24,gw=192.168.178.1",
            "ipconfig1": "",
            "ipconfig2": "",
            "ipconfig3": "",
            "ipconfig4": "",
            "ipconfig5": "",
            "iso": null,
            "kvm": true,
            "mac": "",
            "memory": 4096,
            "name": "k8s-master03",
            "nameserver": "192.168.178.1",
            "network": [
              {
                "bridge": "vmbr0",
                "firewall": false,
                "link_down": false,
                "macaddr": "82:F4:64:35:03:D5",
                "model": "virtio",
                "queues": 0,
                "rate": 0,
                "tag": -1
              }
            ],
            "nic": "",
            "numa": false,
            "onboot": false,
            "oncreate": true,
            "os_network_config": null,
            "os_type": "cloud-init",
            "pool": "",
            "preprovision": true,
            "qemu_os": "other",
            "reboot_required": false,
            "scsihw": "virtio-scsi-pci",
            "searchdomain": "intern.breidenbach.koeln",
            "serial": [
              {
                "id": 0,
                "type": "socket"
              }
            ],
            "sockets": 1,
            "ssh_forward_ip": null,
            "ssh_host": "192.168.178.13",
            "ssh_port": "22",
            "ssh_private_key": null,
            "ssh_user": null,
            "sshkeys": "ssh-rsa AAAAB3NzaC1yc2EAAAADAQABAAACAQC9+arcPfh84X3CQ/Q6R5je2EqJbk+HTEjneHY6VR73Y6VqMvIeCMvGv0Srel9EFSta2VhcSPR755AxFatakcAANQkUJNLZKzBcnS9BGSeS2e7CdWdMC68jab9mYo9fuOrv+gLnXw9WatnlRpBBWwkWHUhpE0HnsX1sJw6nG4kat3rxoJtDiWjTDKaLKjvfneMWKPTkdFSEIWU/Ig7WLGyZqN4KFONw4W5q0Emms8mW44yQSii38DuJouI0BEtuQhYrWWaWSz4sTGDRjIUNMpZBhRSlMI1UCF0+qeH5XUMaElMtmwdj3Mkfhi+/o9DeMeryIQj8T+QjLMZK8OgRuiGFU/hT5rrMG/AaTm5izf9M2pt/nNLd2r3nxc/o2OeBBuOsuhOYyHnNEULaLCcoRH9DzzCv/RI/dt1lf78E5G3iksnvWxpobQ0mJhlJa4niSPyf31jwV6pr5W9s/nDW/IpzVIsPiK8YGTADVR9mvCds6b5yx5d5MCPemhUBXuxQSmwhag8OsEyftV2OTHiCwSaczWnQwp6Zekb3CPDdgjgIxACZhoZfGAbk7sXTfkudeKzz0zjwtmu8yqRGdToGfOhMcbcuIw9hx2e3MH54HLmRRy1VP3iV74s3cIayFsb+9iNZ+zF8mEk2oyxaHL8qcC5xEInPJafQzx4xYIkOADCdgw== nao@Nao-MBP.local\n",
            "storage": "",
            "storage_type": "",
            "tablet": true,
            "tags": "",
            "target_node": "pve-02",
            "timeouts": null,
            "unused_disk": [],
            "vcpus": 0,
            "vga": [],
            "vlan": -1,
            "vmid": 4012
          },
          "sensitive_attributes": [],
          "private": "eyJlMmJmYjczMC1lY2FhLTExZTYtOGY4OC0zNDM2M2JjN2M0YzAiOnsiY3JlYXRlIjozMDAwMDAwMDAwMDAsImRlZmF1bHQiOjMwMDAwMDAwMDAwMCwiZGVsZXRlIjoxODAwMDAwMDAwMDAsInJlYWQiOjE4MDAwMDAwMDAwMCwidXBkYXRlIjoxODAwMDAwMDAwMDB9fQ=="
        }
      ]
    },
    {
      "mode": "managed",
      "type": "proxmox_vm_qemu",
      "name": "kube-worker",
      "provider": "provider[\"registry.terraform.io/telmate/proxmox\"]",
      "instances": [
        {
          "index_key": "k8s-worker01",
          "schema_version": 0,
          "attributes": {
            "additional_wait": 0,
            "agent": 1,
            "args": "",
            "automatic_reboot": true,
            "balloon": 0,
            "bios": "seabios",
            "boot": "c",
            "bootdisk": "scsi0",
            "bridge": "",
            "ci_wait": null,
            "cicustom": "",
            "cipassword": "Otto1234#",
            "ciuser": "k8s",
            "clone": "linux-ubuntu-server-20.04",
            "clone_wait": 0,
            "cloudinit_cdrom_storage": null,
            "cores": 4,
            "cpu": "host",
            "default_ipv4_address": "192.168.178.230",
            "define_connection_info": true,
            "desc": "Packer ephemeral build VM",
            "disk": [
              {
                "aio": "",
                "backup": 0,
                "cache": "none",
                "discard": "on",
                "file": "vm-4020-disk-0",
                "format": "raw",
                "iothread": 0,
                "mbps": 0,
                "mbps_rd": 0,
                "mbps_rd_max": 0,
                "mbps_wr": 0,
                "mbps_wr_max": 0,
                "media": "",
                "replicate": 0,
                "size": "50G",
                "slot": 0,
                "ssd": 1,
                "storage": "local-lvm",
                "storage_type": "lvmthin",
                "type": "scsi",
                "volume": "local-lvm:vm-4020-disk-0"
              }
            ],
            "disk_gb": 0,
            "force_create": false,
            "force_recreate_on_change_of": null,
            "full_clone": true,
            "guest_agent_ready_timeout": 100,
            "hagroup": "",
            "hastate": "",
            "hotplug": "network,disk,usb",
            "id": "pve-01/qemu/4020",
            "ipconfig0": "ip=192.168.178.230/24,gw=192.168.178.1",
            "ipconfig1": "",
            "ipconfig2": "",
            "ipconfig3": "",
            "ipconfig4": "",
            "ipconfig5": "",
            "iso": null,
            "kvm": true,
            "mac": "",
            "memory": 8192,
            "name": "k8s-worker01",
            "nameserver": "192.168.178.1",
            "network": [
              {
                "bridge": "vmbr0",
                "firewall": false,
                "link_down": false,
                "macaddr": "F2:CA:EF:41:99:62",
                "model": "virtio",
                "queues": 0,
                "rate": 0,
                "tag": -1
              }
            ],
            "nic": "",
            "numa": false,
            "onboot": false,
            "oncreate": true,
            "os_network_config": null,
            "os_type": "cloud-init",
            "pool": "",
            "preprovision": true,
            "qemu_os": "other",
            "reboot_required": false,
            "scsihw": "virtio-scsi-pci",
            "searchdomain": "intern.breidenbach.koeln",
            "serial": [
              {
                "id": 0,
                "type": "socket"
              }
            ],
            "sockets": 1,
            "ssh_forward_ip": null,
            "ssh_host": "192.168.178.230",
            "ssh_port": "22",
            "ssh_private_key": null,
            "ssh_user": null,
            "sshkeys": "ssh-rsa AAAAB3NzaC1yc2EAAAADAQABAAACAQC9+arcPfh84X3CQ/Q6R5je2EqJbk+HTEjneHY6VR73Y6VqMvIeCMvGv0Srel9EFSta2VhcSPR755AxFatakcAANQkUJNLZKzBcnS9BGSeS2e7CdWdMC68jab9mYo9fuOrv+gLnXw9WatnlRpBBWwkWHUhpE0HnsX1sJw6nG4kat3rxoJtDiWjTDKaLKjvfneMWKPTkdFSEIWU/Ig7WLGyZqN4KFONw4W5q0Emms8mW44yQSii38DuJouI0BEtuQhYrWWaWSz4sTGDRjIUNMpZBhRSlMI1UCF0+qeH5XUMaElMtmwdj3Mkfhi+/o9DeMeryIQj8T+QjLMZK8OgRuiGFU/hT5rrMG/AaTm5izf9M2pt/nNLd2r3nxc/o2OeBBuOsuhOYyHnNEULaLCcoRH9DzzCv/RI/dt1lf78E5G3iksnvWxpobQ0mJhlJa4niSPyf31jwV6pr5W9s/nDW/IpzVIsPiK8YGTADVR9mvCds6b5yx5d5MCPemhUBXuxQSmwhag8OsEyftV2OTHiCwSaczWnQwp6Zekb3CPDdgjgIxACZhoZfGAbk7sXTfkudeKzz0zjwtmu8yqRGdToGfOhMcbcuIw9hx2e3MH54HLmRRy1VP3iV74s3cIayFsb+9iNZ+zF8mEk2oyxaHL8qcC5xEInPJafQzx4xYIkOADCdgw== nao@Nao-MBP.local\n",
            "storage": "",
            "storage_type": "",
            "tablet": true,
            "tags": "",
            "target_node": "pve-01",
            "timeouts": null,
            "unused_disk": [],
            "vcpus": 0,
            "vga": [],
            "vlan": -1,
            "vmid": 4020
          },
          "sensitive_attributes": [],
          "private": "eyJlMmJmYjczMC1lY2FhLTExZTYtOGY4OC0zNDM2M2JjN2M0YzAiOnsiY3JlYXRlIjozMDAwMDAwMDAwMDAsImRlZmF1bHQiOjMwMDAwMDAwMDAwMCwiZGVsZXRlIjoxODAwMDAwMDAwMDAsInJlYWQiOjE4MDAwMDAwMDAwMCwidXBkYXRlIjoxODAwMDAwMDAwMDB9fQ=="
        },
        {
          "index_key": "k8s-worker02",
          "schema_version": 0,
          "attributes": {
            "additional_wait": 0,
            "agent": 1,
            "args": "",
            "automatic_reboot": true,
            "balloon": 0,
            "bios": "seabios",
            "boot": "c",
            "bootdisk": "scsi0",
            "bridge": "",
            "ci_wait": null,
            "cicustom": "",
            "cipassword": "Otto1234#",
            "ciuser": "k8s",
            "clone": "linux-ubuntu-server-20.04",
            "clone_wait": 0,
            "cloudinit_cdrom_storage": null,
            "cores": 4,
            "cpu": "host",
            "default_ipv4_address": "192.168.178.231",
            "define_connection_info": true,
            "desc": "Packer ephemeral build VM",
            "disk": [
              {
                "aio": "",
                "backup": 0,
                "cache": "none",
                "discard": "on",
                "file": "vm-4021-disk-0",
                "format": "raw",
                "iothread": 0,
                "mbps": 0,
                "mbps_rd": 0,
                "mbps_rd_max": 0,
                "mbps_wr": 0,
                "mbps_wr_max": 0,
                "media": "",
                "replicate": 0,
                "size": "50G",
                "slot": 0,
                "ssd": 1,
                "storage": "local-lvm",
                "storage_type": "lvmthin",
                "type": "scsi",
                "volume": "local-lvm:vm-4021-disk-0"
              }
            ],
            "disk_gb": 0,
            "force_create": false,
            "force_recreate_on_change_of": null,
            "full_clone": true,
            "guest_agent_ready_timeout": 100,
            "hagroup": "",
            "hastate": "",
            "hotplug": "network,disk,usb",
            "id": "pve-01/qemu/4021",
            "ipconfig0": "ip=192.168.178.231/24,gw=192.168.178.1",
            "ipconfig1": "",
            "ipconfig2": "",
            "ipconfig3": "",
            "ipconfig4": "",
            "ipconfig5": "",
            "iso": null,
            "kvm": true,
            "mac": "",
            "memory": 8192,
            "name": "k8s-worker02",
            "nameserver": "192.168.178.1",
            "network": [
              {
                "bridge": "vmbr0",
                "firewall": false,
                "link_down": false,
                "macaddr": "F2:B1:E2:97:92:CD",
                "model": "virtio",
                "queues": 0,
                "rate": 0,
                "tag": -1
              }
            ],
            "nic": "",
            "numa": false,
            "onboot": false,
            "oncreate": true,
            "os_network_config": null,
            "os_type": "cloud-init",
            "pool": "",
            "preprovision": true,
            "qemu_os": "other",
            "reboot_required": false,
            "scsihw": "virtio-scsi-pci",
            "searchdomain": "intern.breidenbach.koeln",
            "serial": [
              {
                "id": 0,
                "type": "socket"
              }
            ],
            "sockets": 1,
            "ssh_forward_ip": null,
            "ssh_host": "192.168.178.231",
            "ssh_port": "22",
            "ssh_private_key": null,
            "ssh_user": null,
            "sshkeys": "ssh-rsa AAAAB3NzaC1yc2EAAAADAQABAAACAQC9+arcPfh84X3CQ/Q6R5je2EqJbk+HTEjneHY6VR73Y6VqMvIeCMvGv0Srel9EFSta2VhcSPR755AxFatakcAANQkUJNLZKzBcnS9BGSeS2e7CdWdMC68jab9mYo9fuOrv+gLnXw9WatnlRpBBWwkWHUhpE0HnsX1sJw6nG4kat3rxoJtDiWjTDKaLKjvfneMWKPTkdFSEIWU/Ig7WLGyZqN4KFONw4W5q0Emms8mW44yQSii38DuJouI0BEtuQhYrWWaWSz4sTGDRjIUNMpZBhRSlMI1UCF0+qeH5XUMaElMtmwdj3Mkfhi+/o9DeMeryIQj8T+QjLMZK8OgRuiGFU/hT5rrMG/AaTm5izf9M2pt/nNLd2r3nxc/o2OeBBuOsuhOYyHnNEULaLCcoRH9DzzCv/RI/dt1lf78E5G3iksnvWxpobQ0mJhlJa4niSPyf31jwV6pr5W9s/nDW/IpzVIsPiK8YGTADVR9mvCds6b5yx5d5MCPemhUBXuxQSmwhag8OsEyftV2OTHiCwSaczWnQwp6Zekb3CPDdgjgIxACZhoZfGAbk7sXTfkudeKzz0zjwtmu8yqRGdToGfOhMcbcuIw9hx2e3MH54HLmRRy1VP3iV74s3cIayFsb+9iNZ+zF8mEk2oyxaHL8qcC5xEInPJafQzx4xYIkOADCdgw== nao@Nao-MBP.local\n",
            "storage": "",
            "storage_type": "",
            "tablet": true,
            "tags": "",
            "target_node": "pve-01",
            "timeouts": null,
            "unused_disk": [],
            "vcpus": 0,
            "vga": [],
            "vlan": -1,
            "vmid": 4021
          },
          "sensitive_attributes": [],
          "private": "eyJlMmJmYjczMC1lY2FhLTExZTYtOGY4OC0zNDM2M2JjN2M0YzAiOnsiY3JlYXRlIjozMDAwMDAwMDAwMDAsImRlZmF1bHQiOjMwMDAwMDAwMDAwMCwiZGVsZXRlIjoxODAwMDAwMDAwMDAsInJlYWQiOjE4MDAwMDAwMDAwMCwidXBkYXRlIjoxODAwMDAwMDAwMDB9fQ=="
        },
        {
          "index_key": "k8s-worker03",
          "schema_version": 0,
          "attributes": {
            "additional_wait": 0,
            "agent": 1,
            "args": "",
            "automatic_reboot": true,
            "balloon": 0,
            "bios": "seabios",
            "boot": "c",
            "bootdisk": "scsi0",
            "bridge": "",
            "ci_wait": null,
            "cicustom": "",
            "cipassword": "Otto1234#",
            "ciuser": "k8s",
            "clone": "linux-ubuntu-server-20.04",
            "clone_wait": 0,
            "cloudinit_cdrom_storage": null,
            "cores": 4,
            "cpu": "host",
            "default_ipv4_address": "192.168.178.232",
            "define_connection_info": true,
            "desc": "Packer ephemeral build VM",
            "disk": [
              {
                "aio": "",
                "backup": 0,
                "cache": "none",
                "discard": "on",
                "file": "vm-4022-disk-0",
                "format": "raw",
                "iothread": 0,
                "mbps": 0,
                "mbps_rd": 0,
                "mbps_rd_max": 0,
                "mbps_wr": 0,
                "mbps_wr_max": 0,
                "media": "",
                "replicate": 0,
                "size": "50G",
                "slot": 0,
                "ssd": 1,
                "storage": "local-lvm",
                "storage_type": "lvmthin",
                "type": "scsi",
                "volume": "local-lvm:vm-4022-disk-0"
              }
            ],
            "disk_gb": 0,
            "force_create": false,
            "force_recreate_on_change_of": null,
            "full_clone": true,
            "guest_agent_ready_timeout": 100,
            "hagroup": "",
            "hastate": "",
            "hotplug": "network,disk,usb",
            "id": "pve-02/qemu/4022",
            "ipconfig0": "ip=192.168.178.232/24,gw=192.168.178.1",
            "ipconfig1": "",
            "ipconfig2": "",
            "ipconfig3": "",
            "ipconfig4": "",
            "ipconfig5": "",
            "iso": null,
            "kvm": true,
            "mac": "",
            "memory": 8192,
            "name": "k8s-worker03",
            "nameserver": "192.168.178.1",
            "network": [
              {
                "bridge": "vmbr0",
                "firewall": false,
                "link_down": false,
                "macaddr": "DA:A5:2F:7C:AF:25",
                "model": "virtio",
                "queues": 0,
                "rate": 0,
                "tag": -1
              }
            ],
            "nic": "",
            "numa": false,
            "onboot": false,
            "oncreate": true,
            "os_network_config": null,
            "os_type": "cloud-init",
            "pool": "",
            "preprovision": true,
            "qemu_os": "other",
            "reboot_required": false,
            "scsihw": "virtio-scsi-pci",
            "searchdomain": "intern.breidenbach.koeln",
            "serial": [
              {
                "id": 0,
                "type": "socket"
              }
            ],
            "sockets": 1,
            "ssh_forward_ip": null,
            "ssh_host": "192.168.178.232",
            "ssh_port": "22",
            "ssh_private_key": null,
            "ssh_user": null,
            "sshkeys": "ssh-rsa AAAAB3NzaC1yc2EAAAADAQABAAACAQC9+arcPfh84X3CQ/Q6R5je2EqJbk+HTEjneHY6VR73Y6VqMvIeCMvGv0Srel9EFSta2VhcSPR755AxFatakcAANQkUJNLZKzBcnS9BGSeS2e7CdWdMC68jab9mYo9fuOrv+gLnXw9WatnlRpBBWwkWHUhpE0HnsX1sJw6nG4kat3rxoJtDiWjTDKaLKjvfneMWKPTkdFSEIWU/Ig7WLGyZqN4KFONw4W5q0Emms8mW44yQSii38DuJouI0BEtuQhYrWWaWSz4sTGDRjIUNMpZBhRSlMI1UCF0+qeH5XUMaElMtmwdj3Mkfhi+/o9DeMeryIQj8T+QjLMZK8OgRuiGFU/hT5rrMG/AaTm5izf9M2pt/nNLd2r3nxc/o2OeBBuOsuhOYyHnNEULaLCcoRH9DzzCv/RI/dt1lf78E5G3iksnvWxpobQ0mJhlJa4niSPyf31jwV6pr5W9s/nDW/IpzVIsPiK8YGTADVR9mvCds6b5yx5d5MCPemhUBXuxQSmwhag8OsEyftV2OTHiCwSaczWnQwp6Zekb3CPDdgjgIxACZhoZfGAbk7sXTfkudeKzz0zjwtmu8yqRGdToGfOhMcbcuIw9hx2e3MH54HLmRRy1VP3iV74s3cIayFsb+9iNZ+zF8mEk2oyxaHL8qcC5xEInPJafQzx4xYIkOADCdgw== nao@Nao-MBP.local\n",
            "storage": "",
            "storage_type": "",
            "tablet": true,
            "tags": "",
            "target_node": "pve-02",
            "timeouts": null,
            "unused_disk": [],
            "vcpus": 0,
            "vga": [],
            "vlan": -1,
            "vmid": 4022
          },
          "sensitive_attributes": [],
          "private": "eyJlMmJmYjczMC1lY2FhLTExZTYtOGY4OC0zNDM2M2JjN2M0YzAiOnsiY3JlYXRlIjozMDAwMDAwMDAwMDAsImRlZmF1bHQiOjMwMDAwMDAwMDAwMCwiZGVsZXRlIjoxODAwMDAwMDAwMDAsInJlYWQiOjE4MDAwMDAwMDAwMCwidXBkYXRlIjoxODAwMDAwMDAwMDB9fQ=="
        },
        {
          "index_key": "k8s-worker04",
          "schema_version": 0,
          "attributes": {
            "additional_wait": 0,
            "agent": 1,
            "args": "",
            "automatic_reboot": true,
            "balloon": 0,
            "bios": "seabios",
            "boot": "c",
            "bootdisk": "scsi0",
            "bridge": "",
            "ci_wait": null,
            "cicustom": "",
            "cipassword": "Otto1234#",
            "ciuser": "k8s",
            "clone": "linux-ubuntu-server-20.04",
            "clone_wait": 0,
            "cloudinit_cdrom_storage": null,
            "cores": 4,
            "cpu": "host",
            "default_ipv4_address": "192.168.178.233",
            "define_connection_info": true,
            "desc": "Packer ephemeral build VM",
            "disk": [
              {
                "aio": "",
                "backup": 0,
                "cache": "none",
                "discard": "on",
                "file": "vm-4023-disk-0",
                "format": "raw",
                "iothread": 0,
                "mbps": 0,
                "mbps_rd": 0,
                "mbps_rd_max": 0,
                "mbps_wr": 0,
                "mbps_wr_max": 0,
                "media": "",
                "replicate": 0,
                "size": "50G",
                "slot": 0,
                "ssd": 1,
                "storage": "local-lvm",
                "storage_type": "lvmthin",
                "type": "scsi",
                "volume": "local-lvm:vm-4023-disk-0"
              }
            ],
            "disk_gb": 0,
            "force_create": false,
            "force_recreate_on_change_of": null,
            "full_clone": true,
            "guest_agent_ready_timeout": 100,
            "hagroup": "",
            "hastate": "",
            "hotplug": "network,disk,usb",
            "id": "pve-02/qemu/4023",
            "ipconfig0": "ip=192.168.178.233/24,gw=192.168.178.1",
            "ipconfig1": "",
            "ipconfig2": "",
            "ipconfig3": "",
            "ipconfig4": "",
            "ipconfig5": "",
            "iso": null,
            "kvm": true,
            "mac": "",
            "memory": 8192,
            "name": "k8s-worker04",
            "nameserver": "192.168.178.1",
            "network": [
              {
                "bridge": "vmbr0",
                "firewall": false,
                "link_down": false,
                "macaddr": "D2:6A:AA:50:DF:E1",
                "model": "virtio",
                "queues": 0,
                "rate": 0,
                "tag": -1
              }
            ],
            "nic": "",
            "numa": false,
            "onboot": false,
            "oncreate": true,
            "os_network_config": null,
            "os_type": "cloud-init",
            "pool": "",
            "preprovision": true,
            "qemu_os": "other",
            "reboot_required": false,
            "scsihw": "virtio-scsi-pci",
            "searchdomain": "intern.breidenbach.koeln",
            "serial": [
              {
                "id": 0,
                "type": "socket"
              }
            ],
            "sockets": 1,
            "ssh_forward_ip": null,
            "ssh_host": "192.168.178.233",
            "ssh_port": "22",
            "ssh_private_key": null,
            "ssh_user": null,
            "sshkeys": "ssh-rsa AAAAB3NzaC1yc2EAAAADAQABAAACAQC9+arcPfh84X3CQ/Q6R5je2EqJbk+HTEjneHY6VR73Y6VqMvIeCMvGv0Srel9EFSta2VhcSPR755AxFatakcAANQkUJNLZKzBcnS9BGSeS2e7CdWdMC68jab9mYo9fuOrv+gLnXw9WatnlRpBBWwkWHUhpE0HnsX1sJw6nG4kat3rxoJtDiWjTDKaLKjvfneMWKPTkdFSEIWU/Ig7WLGyZqN4KFONw4W5q0Emms8mW44yQSii38DuJouI0BEtuQhYrWWaWSz4sTGDRjIUNMpZBhRSlMI1UCF0+qeH5XUMaElMtmwdj3Mkfhi+/o9DeMeryIQj8T+QjLMZK8OgRuiGFU/hT5rrMG/AaTm5izf9M2pt/nNLd2r3nxc/o2OeBBuOsuhOYyHnNEULaLCcoRH9DzzCv/RI/dt1lf78E5G3iksnvWxpobQ0mJhlJa4niSPyf31jwV6pr5W9s/nDW/IpzVIsPiK8YGTADVR9mvCds6b5yx5d5MCPemhUBXuxQSmwhag8OsEyftV2OTHiCwSaczWnQwp6Zekb3CPDdgjgIxACZhoZfGAbk7sXTfkudeKzz0zjwtmu8yqRGdToGfOhMcbcuIw9hx2e3MH54HLmRRy1VP3iV74s3cIayFsb+9iNZ+zF8mEk2oyxaHL8qcC5xEInPJafQzx4xYIkOADCdgw== nao@Nao-MBP.local\n",
            "storage": "",
            "storage_type": "",
            "tablet": true,
            "tags": "",
            "target_node": "pve-02",
            "timeouts": null,
            "unused_disk": [],
            "vcpus": 0,
            "vga": [],
            "vlan": -1,
            "vmid": 4023
          },
          "sensitive_attributes": [],
          "private": "eyJlMmJmYjczMC1lY2FhLTExZTYtOGY4OC0zNDM2M2JjN2M0YzAiOnsiY3JlYXRlIjozMDAwMDAwMDAwMDAsImRlZmF1bHQiOjMwMDAwMDAwMDAwMCwiZGVsZXRlIjoxODAwMDAwMDAwMDAsInJlYWQiOjE4MDAwMDAwMDAwMCwidXBkYXRlIjoxODAwMDAwMDAwMDB9fQ=="
        }
      ]
    }
  ]
}
